// !$*UTF8*$!
{
	archiveVersion = 1;
	classes = {
	};
	objectVersion = 50;
	objects = {

/* Begin PBXBuildFile section */
		F706AA72257F050500F1E07E /* coinsApp.swift in Sources */ = {isa = PBXBuildFile; fileRef = F706AA71257F050500F1E07E /* coinsApp.swift */; };
		F706AA74257F050500F1E07E /* ContentView.swift in Sources */ = {isa = PBXBuildFile; fileRef = F706AA73257F050500F1E07E /* ContentView.swift */; };
		F706AA76257F050700F1E07E /* Assets.xcassets in Resources */ = {isa = PBXBuildFile; fileRef = F706AA75257F050700F1E07E /* Assets.xcassets */; };
		F706AA79257F050700F1E07E /* Preview Assets.xcassets in Resources */ = {isa = PBXBuildFile; fileRef = F706AA78257F050700F1E07E /* Preview Assets.xcassets */; };
		F706AA84257F050800F1E07E /* coinsTests.swift in Sources */ = {isa = PBXBuildFile; fileRef = F706AA83257F050800F1E07E /* coinsTests.swift */; };
		F706AA8F257F050800F1E07E /* coinsUITests.swift in Sources */ = {isa = PBXBuildFile; fileRef = F706AA8E257F050800F1E07E /* coinsUITests.swift */; };
/* End PBXBuildFile section */

/* Begin PBXContainerItemProxy section */
		F706AA80257F050800F1E07E /* PBXContainerItemProxy */ = {
			isa = PBXContainerItemProxy;
			containerPortal = F706AA66257F050500F1E07E /* Project object */;
			proxyType = 1;
			remoteGlobalIDString = F706AA6D257F050500F1E07E;
			remoteInfo = coins;
		};
		F706AA8B257F050800F1E07E /* PBXContainerItemProxy */ = {
			isa = PBXContainerItemProxy;
			containerPortal = F706AA66257F050500F1E07E /* Project object */;
			proxyType = 1;
			remoteGlobalIDString = F706AA6D257F050500F1E07E;
			remoteInfo = coins;
		};
/* End PBXContainerItemProxy section */

/* Begin PBXFileReference section */
		F706AA6E257F050500F1E07E /* coins.app */ = {isa = PBXFileReference; explicitFileType = wrapper.application; includeInIndex = 0; path = coins.app; sourceTree = BUILT_PRODUCTS_DIR; };
		F706AA71257F050500F1E07E /* coinsApp.swift */ = {isa = PBXFileReference; lastKnownFileType = sourcecode.swift; path = coinsApp.swift; sourceTree = "<group>"; };
		F706AA73257F050500F1E07E /* ContentView.swift */ = {isa = PBXFileReference; lastKnownFileType = sourcecode.swift; path = ContentView.swift; sourceTree = "<group>"; };
		F706AA75257F050700F1E07E /* Assets.xcassets */ = {isa = PBXFileReference; lastKnownFileType = folder.assetcatalog; path = Assets.xcassets; sourceTree = "<group>"; };
		F706AA78257F050700F1E07E /* Preview Assets.xcassets */ = {isa = PBXFileReference; lastKnownFileType = folder.assetcatalog; path = "Preview Assets.xcassets"; sourceTree = "<group>"; };
		F706AA7A257F050700F1E07E /* Info.plist */ = {isa = PBXFileReference; lastKnownFileType = text.plist.xml; path = Info.plist; sourceTree = "<group>"; };
		F706AA7F257F050800F1E07E /* coinsTests.xctest */ = {isa = PBXFileReference; explicitFileType = wrapper.cfbundle; includeInIndex = 0; path = coinsTests.xctest; sourceTree = BUILT_PRODUCTS_DIR; };
		F706AA83257F050800F1E07E /* coinsTests.swift */ = {isa = PBXFileReference; lastKnownFileType = sourcecode.swift; path = coinsTests.swift; sourceTree = "<group>"; };
		F706AA85257F050800F1E07E /* Info.plist */ = {isa = PBXFileReference; lastKnownFileType = text.plist.xml; path = Info.plist; sourceTree = "<group>"; };
		F706AA8A257F050800F1E07E /* coinsUITests.xctest */ = {isa = PBXFileReference; explicitFileType = wrapper.cfbundle; includeInIndex = 0; path = coinsUITests.xctest; sourceTree = BUILT_PRODUCTS_DIR; };
		F706AA8E257F050800F1E07E /* coinsUITests.swift */ = {isa = PBXFileReference; lastKnownFileType = sourcecode.swift; path = coinsUITests.swift; sourceTree = "<group>"; };
		F706AA90257F050800F1E07E /* Info.plist */ = {isa = PBXFileReference; lastKnownFileType = text.plist.xml; path = Info.plist; sourceTree = "<group>"; };
/* End PBXFileReference section */

/* Begin PBXFrameworksBuildPhase section */
		F706AA6B257F050500F1E07E /* Frameworks */ = {
			isa = PBXFrameworksBuildPhase;
			buildActionMask = 2147483647;
			files = (
			);
			runOnlyForDeploymentPostprocessing = 0;
		};
		F706AA7C257F050800F1E07E /* Frameworks */ = {
			isa = PBXFrameworksBuildPhase;
			buildActionMask = 2147483647;
			files = (
			);
			runOnlyForDeploymentPostprocessing = 0;
		};
		F706AA87257F050800F1E07E /* Frameworks */ = {
			isa = PBXFrameworksBuildPhase;
			buildActionMask = 2147483647;
			files = (
			);
			runOnlyForDeploymentPostprocessing = 0;
		};
/* End PBXFrameworksBuildPhase section */

/* Begin PBXGroup section */
		F706AA65257F050500F1E07E = {
			isa = PBXGroup;
			children = (
				F706AA70257F050500F1E07E /* coins */,
				F706AA82257F050800F1E07E /* coinsTests */,
				F706AA8D257F050800F1E07E /* coinsUITests */,
				F706AA6F257F050500F1E07E /* Products */,
			);
			sourceTree = "<group>";
		};
		F706AA6F257F050500F1E07E /* Products */ = {
			isa = PBXGroup;
			children = (
				F706AA6E257F050500F1E07E /* coins.app */,
				F706AA7F257F050800F1E07E /* coinsTests.xctest */,
				F706AA8A257F050800F1E07E /* coinsUITests.xctest */,
			);
			name = Products;
			sourceTree = "<group>";
		};
		F706AA70257F050500F1E07E /* coins */ = {
			isa = PBXGroup;
			children = (
				F706AA71257F050500F1E07E /* coinsApp.swift */,
				F706AA73257F050500F1E07E /* ContentView.swift */,
				F706AA75257F050700F1E07E /* Assets.xcassets */,
				F706AA7A257F050700F1E07E /* Info.plist */,
				F706AA77257F050700F1E07E /* Preview Content */,
			);
			path = coins;
			sourceTree = "<group>";
		};
		F706AA77257F050700F1E07E /* Preview Content */ = {
			isa = PBXGroup;
			children = (
				F706AA78257F050700F1E07E /* Preview Assets.xcassets */,
			);
			path = "Preview Content";
			sourceTree = "<group>";
		};
		F706AA82257F050800F1E07E /* coinsTests */ = {
			isa = PBXGroup;
			children = (
				F706AA83257F050800F1E07E /* coinsTests.swift */,
				F706AA85257F050800F1E07E /* Info.plist */,
			);
			path = coinsTests;
			sourceTree = "<group>";
		};
		F706AA8D257F050800F1E07E /* coinsUITests */ = {
			isa = PBXGroup;
			children = (
				F706AA8E257F050800F1E07E /* coinsUITests.swift */,
				F706AA90257F050800F1E07E /* Info.plist */,
			);
			path = coinsUITests;
			sourceTree = "<group>";
		};
/* End PBXGroup section */

/* Begin PBXNativeTarget section */
		F706AA6D257F050500F1E07E /* coins */ = {
			isa = PBXNativeTarget;
			buildConfigurationList = F706AA93257F050800F1E07E /* Build configuration list for PBXNativeTarget "coins" */;
			buildPhases = (
				F706AA6A257F050500F1E07E /* Sources */,
				F706AA6B257F050500F1E07E /* Frameworks */,
				F706AA6C257F050500F1E07E /* Resources */,
			);
			buildRules = (
			);
			dependencies = (
			);
			name = coins;
			productName = coins;
			productReference = F706AA6E257F050500F1E07E /* coins.app */;
			productType = "com.apple.product-type.application";
		};
		F706AA7E257F050800F1E07E /* coinsTests */ = {
			isa = PBXNativeTarget;
			buildConfigurationList = F706AA96257F050800F1E07E /* Build configuration list for PBXNativeTarget "coinsTests" */;
			buildPhases = (
				F706AA7B257F050800F1E07E /* Sources */,
				F706AA7C257F050800F1E07E /* Frameworks */,
				F706AA7D257F050800F1E07E /* Resources */,
			);
			buildRules = (
			);
			dependencies = (
				F706AA81257F050800F1E07E /* PBXTargetDependency */,
			);
			name = coinsTests;
			productName = coinsTests;
			productReference = F706AA7F257F050800F1E07E /* coinsTests.xctest */;
			productType = "com.apple.product-type.bundle.unit-test";
		};
		F706AA89257F050800F1E07E /* coinsUITests */ = {
			isa = PBXNativeTarget;
			buildConfigurationList = F706AA99257F050800F1E07E /* Build configuration list for PBXNativeTarget "coinsUITests" */;
			buildPhases = (
				F706AA86257F050800F1E07E /* Sources */,
				F706AA87257F050800F1E07E /* Frameworks */,
				F706AA88257F050800F1E07E /* Resources */,
			);
			buildRules = (
			);
			dependencies = (
				F706AA8C257F050800F1E07E /* PBXTargetDependency */,
			);
			name = coinsUITests;
			productName = coinsUITests;
			productReference = F706AA8A257F050800F1E07E /* coinsUITests.xctest */;
			productType = "com.apple.product-type.bundle.ui-testing";
		};
/* End PBXNativeTarget section */

/* Begin PBXProject section */
		F706AA66257F050500F1E07E /* Project object */ = {
			isa = PBXProject;
			attributes = {
				LastSwiftUpdateCheck = 1220;
				LastUpgradeCheck = 1220;
				TargetAttributes = {
					F706AA6D257F050500F1E07E = {
						CreatedOnToolsVersion = 12.2;
					};
					F706AA7E257F050800F1E07E = {
						CreatedOnToolsVersion = 12.2;
						TestTargetID = F706AA6D257F050500F1E07E;
					};
					F706AA89257F050800F1E07E = {
						CreatedOnToolsVersion = 12.2;
						TestTargetID = F706AA6D257F050500F1E07E;
					};
				};
			};
			buildConfigurationList = F706AA69257F050500F1E07E /* Build configuration list for PBXProject "coins" */;
			compatibilityVersion = "Xcode 9.3";
			developmentRegion = en;
			hasScannedForEncodings = 0;
			knownRegions = (
				en,
				Base,
			);
			mainGroup = F706AA65257F050500F1E07E;
			productRefGroup = F706AA6F257F050500F1E07E /* Products */;
			projectDirPath = "";
			projectRoot = "";
			targets = (
				F706AA6D257F050500F1E07E /* coins */,
				F706AA7E257F050800F1E07E /* coinsTests */,
				F706AA89257F050800F1E07E /* coinsUITests */,
			);
		};
/* End PBXProject section */

/* Begin PBXResourcesBuildPhase section */
		F706AA6C257F050500F1E07E /* Resources */ = {
			isa = PBXResourcesBuildPhase;
			buildActionMask = 2147483647;
			files = (
				F706AA79257F050700F1E07E /* Preview Assets.xcassets in Resources */,
				F706AA76257F050700F1E07E /* Assets.xcassets in Resources */,
			);
			runOnlyForDeploymentPostprocessing = 0;
		};
		F706AA7D257F050800F1E07E /* Resources */ = {
			isa = PBXResourcesBuildPhase;
			buildActionMask = 2147483647;
			files = (
			);
			runOnlyForDeploymentPostprocessing = 0;
		};
		F706AA88257F050800F1E07E /* Resources */ = {
			isa = PBXResourcesBuildPhase;
			buildActionMask = 2147483647;
			files = (
			);
			runOnlyForDeploymentPostprocessing = 0;
		};
/* End PBXResourcesBuildPhase section */

/* Begin PBXSourcesBuildPhase section */
		F706AA6A257F050500F1E07E /* Sources */ = {
			isa = PBXSourcesBuildPhase;
			buildActionMask = 2147483647;
			files = (
				F706AA74257F050500F1E07E /* ContentView.swift in Sources */,
				F706AA72257F050500F1E07E /* coinsApp.swift in Sources */,
			);
			runOnlyForDeploymentPostprocessing = 0;
		};
		F706AA7B257F050800F1E07E /* Sources */ = {
			isa = PBXSourcesBuildPhase;
			buildActionMask = 2147483647;
			files = (
				F706AA84257F050800F1E07E /* coinsTests.swift in Sources */,
			);
			runOnlyForDeploymentPostprocessing = 0;
		};
		F706AA86257F050800F1E07E /* Sources */ = {
			isa = PBXSourcesBuildPhase;
			buildActionMask = 2147483647;
			files = (
				F706AA8F257F050800F1E07E /* coinsUITests.swift in Sources */,
			);
			runOnlyForDeploymentPostprocessing = 0;
		};
/* End PBXSourcesBuildPhase section */

/* Begin PBXTargetDependency section */
		F706AA81257F050800F1E07E /* PBXTargetDependency */ = {
			isa = PBXTargetDependency;
			target = F706AA6D257F050500F1E07E /* coins */;
			targetProxy = F706AA80257F050800F1E07E /* PBXContainerItemProxy */;
		};
		F706AA8C257F050800F1E07E /* PBXTargetDependency */ = {
			isa = PBXTargetDependency;
			target = F706AA6D257F050500F1E07E /* coins */;
			targetProxy = F706AA8B257F050800F1E07E /* PBXContainerItemProxy */;
		};
/* End PBXTargetDependency section */

/* Begin XCBuildConfiguration section */
		F706AA91257F050800F1E07E /* Debug */ = {
			isa = XCBuildConfiguration;
			buildSettings = {
				ALWAYS_SEARCH_USER_PATHS = NO;
				CLANG_ANALYZER_NONNULL = YES;
				CLANG_ANALYZER_NUMBER_OBJECT_CONVERSION = YES_AGGRESSIVE;
				CLANG_CXX_LANGUAGE_STANDARD = "gnu++14";
				CLANG_CXX_LIBRARY = "libc++";
				CLANG_ENABLE_MODULES = YES;
				CLANG_ENABLE_OBJC_ARC = YES;
				CLANG_ENABLE_OBJC_WEAK = YES;
				CLANG_WARN_BLOCK_CAPTURE_AUTORELEASING = YES;
				CLANG_WARN_BOOL_CONVERSION = YES;
				CLANG_WARN_COMMA = YES;
				CLANG_WARN_CONSTANT_CONVERSION = YES;
				CLANG_WARN_DEPRECATED_OBJC_IMPLEMENTATIONS = YES;
				CLANG_WARN_DIRECT_OBJC_ISA_USAGE = YES_ERROR;
				CLANG_WARN_DOCUMENTATION_COMMENTS = YES;
				CLANG_WARN_EMPTY_BODY = YES;
				CLANG_WARN_ENUM_CONVERSION = YES;
				CLANG_WARN_INFINITE_RECURSION = YES;
				CLANG_WARN_INT_CONVERSION = YES;
				CLANG_WARN_NON_LITERAL_NULL_CONVERSION = YES;
				CLANG_WARN_OBJC_IMPLICIT_RETAIN_SELF = YES;
				CLANG_WARN_OBJC_LITERAL_CONVERSION = YES;
				CLANG_WARN_OBJC_ROOT_CLASS = YES_ERROR;
				CLANG_WARN_QUOTED_INCLUDE_IN_FRAMEWORK_HEADER = YES;
				CLANG_WARN_RANGE_LOOP_ANALYSIS = YES;
				CLANG_WARN_STRICT_PROTOTYPES = YES;
				CLANG_WARN_SUSPICIOUS_MOVE = YES;
				CLANG_WARN_UNGUARDED_AVAILABILITY = YES_AGGRESSIVE;
				CLANG_WARN_UNREACHABLE_CODE = YES;
				CLANG_WARN__DUPLICATE_METHOD_MATCH = YES;
				COPY_PHASE_STRIP = NO;
				DEBUG_INFORMATION_FORMAT = dwarf;
				ENABLE_STRICT_OBJC_MSGSEND = YES;
				ENABLE_TESTABILITY = YES;
				GCC_C_LANGUAGE_STANDARD = gnu11;
				GCC_DYNAMIC_NO_PIC = NO;
				GCC_NO_COMMON_BLOCKS = YES;
				GCC_OPTIMIZATION_LEVEL = 0;
				GCC_PREPROCESSOR_DEFINITIONS = (
					"DEBUG=1",
					"$(inherited)",
				);
				GCC_WARN_64_TO_32_BIT_CONVERSION = YES;
				GCC_WARN_ABOUT_RETURN_TYPE = YES_ERROR;
				GCC_WARN_UNDECLARED_SELECTOR = YES;
				GCC_WARN_UNINITIALIZED_AUTOS = YES_AGGRESSIVE;
				GCC_WARN_UNUSED_FUNCTION = YES;
				GCC_WARN_UNUSED_VARIABLE = YES;
				IPHONEOS_DEPLOYMENT_TARGET = 14.2;
				MTL_ENABLE_DEBUG_INFO = INCLUDE_SOURCE;
				MTL_FAST_MATH = YES;
				ONLY_ACTIVE_ARCH = YES;
				SDKROOT = iphoneos;
				SWIFT_ACTIVE_COMPILATION_CONDITIONS = DEBUG;
				SWIFT_OPTIMIZATION_LEVEL = "-Onone";
			};
			name = Debug;
		};
		F706AA92257F050800F1E07E /* Release */ = {
			isa = XCBuildConfiguration;
			buildSettings = {
				ALWAYS_SEARCH_USER_PATHS = NO;
				CLANG_ANALYZER_NONNULL = YES;
				CLANG_ANALYZER_NUMBER_OBJECT_CONVERSION = YES_AGGRESSIVE;
				CLANG_CXX_LANGUAGE_STANDARD = "gnu++14";
				CLANG_CXX_LIBRARY = "libc++";
				CLANG_ENABLE_MODULES = YES;
				CLANG_ENABLE_OBJC_ARC = YES;
				CLANG_ENABLE_OBJC_WEAK = YES;
				CLANG_WARN_BLOCK_CAPTURE_AUTORELEASING = YES;
				CLANG_WARN_BOOL_CONVERSION = YES;
				CLANG_WARN_COMMA = YES;
				CLANG_WARN_CONSTANT_CONVERSION = YES;
				CLANG_WARN_DEPRECATED_OBJC_IMPLEMENTATIONS = YES;
				CLANG_WARN_DIRECT_OBJC_ISA_USAGE = YES_ERROR;
				CLANG_WARN_DOCUMENTATION_COMMENTS = YES;
				CLANG_WARN_EMPTY_BODY = YES;
				CLANG_WARN_ENUM_CONVERSION = YES;
				CLANG_WARN_INFINITE_RECURSION = YES;
				CLANG_WARN_INT_CONVERSION = YES;
				CLANG_WARN_NON_LITERAL_NULL_CONVERSION = YES;
				CLANG_WARN_OBJC_IMPLICIT_RETAIN_SELF = YES;
				CLANG_WARN_OBJC_LITERAL_CONVERSION = YES;
				CLANG_WARN_OBJC_ROOT_CLASS = YES_ERROR;
				CLANG_WARN_QUOTED_INCLUDE_IN_FRAMEWORK_HEADER = YES;
				CLANG_WARN_RANGE_LOOP_ANALYSIS = YES;
				CLANG_WARN_STRICT_PROTOTYPES = YES;
				CLANG_WARN_SUSPICIOUS_MOVE = YES;
				CLANG_WARN_UNGUARDED_AVAILABILITY = YES_AGGRESSIVE;
				CLANG_WARN_UNREACHABLE_CODE = YES;
				CLANG_WARN__DUPLICATE_METHOD_MATCH = YES;
				COPY_PHASE_STRIP = NO;
				DEBUG_INFORMATION_FORMAT = "dwarf-with-dsym";
				ENABLE_NS_ASSERTIONS = NO;
				ENABLE_STRICT_OBJC_MSGSEND = YES;
				GCC_C_LANGUAGE_STANDARD = gnu11;
				GCC_NO_COMMON_BLOCKS = YES;
				GCC_WARN_64_TO_32_BIT_CONVERSION = YES;
				GCC_WARN_ABOUT_RETURN_TYPE = YES_ERROR;
				GCC_WARN_UNDECLARED_SELECTOR = YES;
				GCC_WARN_UNINITIALIZED_AUTOS = YES_AGGRESSIVE;
				GCC_WARN_UNUSED_FUNCTION = YES;
				GCC_WARN_UNUSED_VARIABLE = YES;
				IPHONEOS_DEPLOYMENT_TARGET = 14.2;
				MTL_ENABLE_DEBUG_INFO = NO;
				MTL_FAST_MATH = YES;
				SDKROOT = iphoneos;
				SWIFT_COMPILATION_MODE = wholemodule;
				SWIFT_OPTIMIZATION_LEVEL = "-O";
				VALIDATE_PRODUCT = YES;
			};
			name = Release;
		};
		F706AA94257F050800F1E07E /* Debug */ = {
			isa = XCBuildConfiguration;
			buildSettings = {
				ASSETCATALOG_COMPILER_APPICON_NAME = AppIcon;
				ASSETCATALOG_COMPILER_GLOBAL_ACCENT_COLOR_NAME = AccentColor;
				CODE_SIGN_STYLE = Automatic;
				DEVELOPMENT_ASSET_PATHS = "\"coins/Preview Content\"";
				DEVELOPMENT_TEAM = 5VSLR4ZAP9;
				ENABLE_PREVIEWS = YES;
				INFOPLIST_FILE = coins/Info.plist;
				IPHONEOS_DEPLOYMENT_TARGET = 14.0;
				LD_RUNPATH_SEARCH_PATHS = (
					"$(inherited)",
					"@executable_path/Frameworks",
				);
				PRODUCT_BUNDLE_IDENTIFIER = riceset.coins;
				PRODUCT_NAME = "$(TARGET_NAME)";
				SWIFT_VERSION = 5.0;
				TARGETED_DEVICE_FAMILY = "1,2";
			};
			name = Debug;
		};
		F706AA95257F050800F1E07E /* Release */ = {
			isa = XCBuildConfiguration;
			buildSettings = {
				ASSETCATALOG_COMPILER_APPICON_NAME = AppIcon;
				ASSETCATALOG_COMPILER_GLOBAL_ACCENT_COLOR_NAME = AccentColor;
				CODE_SIGN_STYLE = Automatic;
				DEVELOPMENT_ASSET_PATHS = "\"coins/Preview Content\"";
				DEVELOPMENT_TEAM = 5VSLR4ZAP9;
				ENABLE_PREVIEWS = YES;
				INFOPLIST_FILE = coins/Info.plist;
				IPHONEOS_DEPLOYMENT_TARGET = 14.0;
				LD_RUNPATH_SEARCH_PATHS = (
					"$(inherited)",
					"@executable_path/Frameworks",
				);
				PRODUCT_BUNDLE_IDENTIFIER = riceset.coins;
				PRODUCT_NAME = "$(TARGET_NAME)";
				SWIFT_VERSION = 5.0;
				TARGETED_DEVICE_FAMILY = "1,2";
			};
			name = Release;
		};
		F706AA97257F050800F1E07E /* Debug */ = {
			isa = XCBuildConfiguration;
			buildSettings = {
				ALWAYS_EMBED_SWIFT_STANDARD_LIBRARIES = YES;
				BUNDLE_LOADER = "$(TEST_HOST)";
				CODE_SIGN_STYLE = Automatic;
				DEVELOPMENT_TEAM = 5VSLR4ZAP9;
				INFOPLIST_FILE = coinsTests/Info.plist;
				IPHONEOS_DEPLOYMENT_TARGET = 14.0;
				LD_RUNPATH_SEARCH_PATHS = (
					"$(inherited)",
					"@executable_path/Frameworks",
					"@loader_path/Frameworks",
				);
				PRODUCT_BUNDLE_IDENTIFIER = riceset.coinsTests;
				PRODUCT_NAME = "$(TARGET_NAME)";
				SWIFT_VERSION = 5.0;
				TARGETED_DEVICE_FAMILY = "1,2";
				TEST_HOST = "$(BUILT_PRODUCTS_DIR)/coins.app/coins";
			};
			name = Debug;
		};
		F706AA98257F050800F1E07E /* Release */ = {
			isa = XCBuildConfiguration;
			buildSettings = {
				ALWAYS_EMBED_SWIFT_STANDARD_LIBRARIES = YES;
				BUNDLE_LOADER = "$(TEST_HOST)";
				CODE_SIGN_STYLE = Automatic;
				DEVELOPMENT_TEAM = 5VSLR4ZAP9;
				INFOPLIST_FILE = coinsTests/Info.plist;
				IPHONEOS_DEPLOYMENT_TARGET = 14.0;
				LD_RUNPATH_SEARCH_PATHS = (
					"$(inherited)",
					"@executable_path/Frameworks",
					"@loader_path/Frameworks",
				);
				PRODUCT_BUNDLE_IDENTIFIER = riceset.coinsTests;
				PRODUCT_NAME = "$(TARGET_NAME)";
				SWIFT_VERSION = 5.0;
				TARGETED_DEVICE_FAMILY = "1,2";
				TEST_HOST = "$(BUILT_PRODUCTS_DIR)/coins.app/coins";
			};
			name = Release;
		};
		F706AA9A257F050800F1E07E /* Debug */ = {
			isa = XCBuildConfiguration;
			buildSettings = {
				ALWAYS_EMBED_SWIFT_STANDARD_LIBRARIES = YES;
				CODE_SIGN_STYLE = Automatic;
				DEVELOPMENT_TEAM = 5VSLR4ZAP9;
				INFOPLIST_FILE = coinsUITests/Info.plist;
				LD_RUNPATH_SEARCH_PATHS = (
					"$(inherited)",
					"@executable_path/Frameworks",
					"@loader_path/Frameworks",
				);
				PRODUCT_BUNDLE_IDENTIFIER = riceset.coinsUITests;
				PRODUCT_NAME = "$(TARGET_NAME)";
				SWIFT_VERSION = 5.0;
				TARGETED_DEVICE_FAMILY = "1,2";
				TEST_TARGET_NAME = coins;
			};
			name = Debug;
		};
		F706AA9B257F050800F1E07E /* Release */ = {
			isa = XCBuildConfiguration;
			buildSettings = {
				ALWAYS_EMBED_SWIFT_STANDARD_LIBRARIES = YES;
				CODE_SIGN_STYLE = Automatic;
				DEVELOPMENT_TEAM = 5VSLR4ZAP9;
				INFOPLIST_FILE = coinsUITests/Info.plist;
				LD_RUNPATH_SEARCH_PATHS = (
					"$(inherited)",
					"@executable_path/Frameworks",
					"@loader_path/Frameworks",
				);
				PRODUCT_BUNDLE_IDENTIFIER = riceset.coinsUITests;
				PRODUCT_NAME = "$(TARGET_NAME)";
				SWIFT_VERSION = 5.0;
				TARGETED_DEVICE_FAMILY = "1,2";
				TEST_TARGET_NAME = coins;
			};
			name = Release;
		};
/* End XCBuildConfiguration section */

/* Begin XCConfigurationList section */
		F706AA69257F050500F1E07E /* Build configuration list for PBXProject "coins" */ = {
			isa = XCConfigurationList;
			buildConfigurations = (
				F706AA91257F050800F1E07E /* Debug */,
				F706AA92257F050800F1E07E /* Release */,
			);
			defaultConfigurationIsVisible = 0;
			defaultConfigurationName = Release;
		};
		F706AA93257F050800F1E07E /* Build configuration list for PBXNativeTarget "coins" */ = {
			isa = XCConfigurationList;
			buildConfigurations = (
				F706AA94257F050800F1E07E /* Debug */,
				F706AA95257F050800F1E07E /* Release */,
			);
			defaultConfigurationIsVisible = 0;
			defaultConfigurationName = Release;
		};
		F706AA96257F050800F1E07E /* Build configuration list for PBXNativeTarget "coinsTests" */ = {
			isa = XCConfigurationList;
			buildConfigurations = (
				F706AA97257F050800F1E07E /* Debug */,
				F706AA98257F050800F1E07E /* Release */,
			);
			defaultConfigurationIsVisible = 0;
			defaultConfigurationName = Release;
		};
		F706AA99257F050800F1E07E /* Build configuration list for PBXNativeTarget "coinsUITests" */ = {
			isa = XCConfigurationList;
			buildConfigurations = (
				F706AA9A257F050800F1E07E /* Debug */,
				F706AA9B257F050800F1E07E /* Release */,
			);
			defaultConfigurationIsVisible = 0;
			defaultConfigurationName = Release;
		};
/* End XCConfigurationList section */
	};
	rootObject = F706AA66257F050500F1E07E /* Project object */;
}
